
Microsoft Visual Studio Solution File, Format Version 12.00
# Visual Studio Version 17
VisualStudioVersion = 17.13.35931.197 d17.13
MinimumVisualStudioVersion = 10.0.40219.1
Project("{FAE04EC0-301F-11D3-BF4B-00C04F79EFBC}") = "algoritmoBusca", "algoritmoBusca\algoritmoBusca.csproj", "{0AF99ECF-7371-4241-B344-842D01EF0821}"
EndProject
Global
	GlobalSection(SolutionConfigurationPlatforms) = preSolution
		Debug|Any CPU = Debug|Any CPU
		Release|Any CPU = Release|Any CPU
	EndGlobalSection
	GlobalSection(ProjectConfigurationPlatforms) = postSolution
		{0AF99ECF-7371-4241-B344-842D01EF0821}.Debug|Any CPU.ActiveCfg = Debug|Any CPU
		{0AF99ECF-7371-4241-B344-842D01EF0821}.Debug|Any CPU.Build.0 = Debug|Any CPU
		{0AF99ECF-7371-4241-B344-842D01EF0821}.Release|Any CPU.ActiveCfg = Release|Any CPU
		{0AF99ECF-7371-4241-B344-842D01EF0821}.Release|Any CPU.Build.0 = Release|Any CPU
	EndGlobalSection
	GlobalSection(SolutionProperties) = preSolution
		HideSolutionNode = FALSE
	EndGlobalSection
	GlobalSection(ExtensibilityGlobals) = postSolution
		SolutionGuid = {54243E42-5B7F-4E2F-B7AA-7E87068425B6}
	EndGlobalSection
EndGlobal
